Microsoft Visual Studio Solution File, Format Version 12.00
# Visual Studio Version 16
VisualStudioVersion = 16.0.30804.86
MinimumVisualStudioVersion = 10.0.40219.1
Project("{9A19103F-16F7-4668-BE54-9A1E7A4F7556}") = "TechJobsOO", "TechJobsOO\TechJobsOO.csproj", "{C76D48E1-4C5C-4DB4-89A2-DBACCF4CBE4F}"
EndProject
Project("{FAE04EC0-301F-11D3-BF4B-00C04F79EFBC}") = "TechJobTests", "TechJobTests\TechJobTests.csproj", "{AC029D9A-95C7-4434-A125-4DCF05B8A50B}"
EndProject
Global
	GlobalSection(SolutionConfigurationPlatforms) = preSolution
		Debug|Any CPU = Debug|Any CPU
		Release|Any CPU = Release|Any CPU
	EndGlobalSection
	GlobalSection(ProjectConfigurationPlatforms) = postSolution
		{C76D48E1-4C5C-4DB4-89A2-DBACCF4CBE4F}.Debug|Any CPU.ActiveCfg = Debug|Any CPU
		{C76D48E1-4C5C-4DB4-89A2-DBACCF4CBE4F}.Debug|Any CPU.Build.0 = Debug|Any CPU
		{C76D48E1-4C5C-4DB4-89A2-DBACCF4CBE4F}.Release|Any CPU.ActiveCfg = Release|Any CPU
		{C76D48E1-4C5C-4DB4-89A2-DBACCF4CBE4F}.Release|Any CPU.Build.0 = Release|Any CPU
		{AC029D9A-95C7-4434-A125-4DCF05B8A50B}.Debug|Any CPU.ActiveCfg = Debug|Any CPU
		{AC029D9A-95C7-4434-A125-4DCF05B8A50B}.Debug|Any CPU.Build.0 = Debug|Any CPU
		{AC029D9A-95C7-4434-A125-4DCF05B8A50B}.Release|Any CPU.ActiveCfg = Release|Any CPU
		{AC029D9A-95C7-4434-A125-4DCF05B8A50B}.Release|Any CPU.Build.0 = Release|Any CPU
	EndGlobalSection
	GlobalSection(SolutionProperties) = preSolution
		HideSolutionNode = FALSE
	EndGlobalSection
	GlobalSection(ExtensibilityGlobals) = postSolution
		SolutionGuid = {254D7C3E-43F6-4D11-AF32-1C0FED69BC2A}
	EndGlobalSection
EndGlobal
